
Microsoft Visual Studio Solution File, Format Version 10.00
# Visual Studio 2008
Project("{8BC9CEB8-8B4A-11D0-8D11-00A0C91BC942}") = "testrpc", "testrpc.vcproj", "{0861FEDC-2040-457C-93D2-D91B436B10D9}"
	ProjectSection(ProjectDependencies) = postProject
		{7AC7677F-C33A-43EB-AC2F-C94D8F2B9523} = {7AC7677F-C33A-43EB-AC2F-C94D8F2B9523}
	EndProjectSection
EndProject
Project("{8BC9CEB8-8B4A-11D0-8D11-00A0C91BC942}") = "zlib", "zlib\zlib.vcproj", "{7AC7677F-C33A-43EB-AC2F-C94D8F2B9523}"
EndProject
Global
	GlobalSection(SolutionConfigurationPlatforms) = preSolution
		Debug|Win32 = Debug|Win32
		Debug|x64 = Debug|x64
		Release|Win32 = Release|Win32
		Release|x64 = Release|x64
	EndGlobalSection
	GlobalSection(ProjectConfigurationPlatforms) = postSolution
		{0861FEDC-2040-457C-93D2-D91B436B10D9}.Debug|Win32.ActiveCfg = Debug|Win32
		{0861FEDC-2040-457C-93D2-D91B436B10D9}.Debug|Win32.Build.0 = Debug|Win32
		{0861FEDC-2040-457C-93D2-D91B436B10D9}.Debug|x64.ActiveCfg = Debug|x64
		{0861FEDC-2040-457C-93D2-D91B436B10D9}.Debug|x64.Build.0 = Debug|x64
		{0861FEDC-2040-457C-93D2-D91B436B10D9}.Release|Win32.ActiveCfg = Release|Win32
		{0861FEDC-2040-457C-93D2-D91B436B10D9}.Release|Win32.Build.0 = Release|Win32
		{0861FEDC-2040-457C-93D2-D91B436B10D9}.Release|x64.ActiveCfg = Release|x64
		{0861FEDC-2040-457C-93D2-D91B436B10D9}.Release|x64.Build.0 = Release|x64
		{7AC7677F-C33A-43EB-AC2F-C94D8F2B9523}.Debug|Win32.ActiveCfg = Debug|Win32
		{7AC7677F-C33A-43EB-AC2F-C94D8F2B9523}.Debug|Win32.Build.0 = Debug|Win32
		{7AC7677F-C33A-43EB-AC2F-C94D8F2B9523}.Debug|x64.ActiveCfg = Debug|x64
		{7AC7677F-C33A-43EB-AC2F-C94D8F2B9523}.Debug|x64.Build.0 = Debug|x64
		{7AC7677F-C33A-43EB-AC2F-C94D8F2B9523}.Release|Win32.ActiveCfg = Release|Win32
		{7AC7677F-C33A-43EB-AC2F-C94D8F2B9523}.Release|Win32.Build.0 = Release|Win32
		{7AC7677F-C33A-43EB-AC2F-C94D8F2B9523}.Release|x64.ActiveCfg = Release|x64
		{7AC7677F-C33A-43EB-AC2F-C94D8F2B9523}.Release|x64.Build.0 = Release|x64
	EndGlobalSection
	GlobalSection(SolutionProperties) = preSolution
		HideSolutionNode = FALSE
	EndGlobalSection
EndGlobal
